
Microsoft Visual Studio Solution File, Format Version 11.00
# Visual Studio 2010
Project("{FAE04EC0-301F-11D3-BF4B-00C04F79EFBC}") = "Ts", "Assembly-CSharp.csproj", "{C2B2057A-C93C-8EAC-E04C-F2BCAB64CAF8}"
EndProject
Project("{FAE04EC0-301F-11D3-BF4B-00C04F79EFBC}") = "Ts", "Assembly-CSharp-firstpass.csproj", "{BB1D2385-638C-6991-7848-0E4F563C40F8}"
EndProject
Global
	GlobalSection(SolutionConfigurationPlatforms) = preSolution
		Debug|Any CPU = Debug|Any CPU
		Release|Any CPU = Release|Any CPU
	EndGlobalSection
	GlobalSection(ProjectConfigurationPlatforms) = postSolution
		{C2B2057A-C93C-8EAC-E04C-F2BCAB64CAF8}.Debug|Any CPU.ActiveCfg = Debug|Any CPU
		{C2B2057A-C93C-8EAC-E04C-F2BCAB64CAF8}.Debug|Any CPU.Build.0 = Debug|Any CPU
		{C2B2057A-C93C-8EAC-E04C-F2BCAB64CAF8}.Release|Any CPU.ActiveCfg = Release|Any CPU
		{C2B2057A-C93C-8EAC-E04C-F2BCAB64CAF8}.Release|Any CPU.Build.0 = Release|Any CPU
		{BB1D2385-638C-6991-7848-0E4F563C40F8}.Debug|Any CPU.ActiveCfg = Debug|Any CPU
		{BB1D2385-638C-6991-7848-0E4F563C40F8}.Debug|Any CPU.Build.0 = Debug|Any CPU
		{BB1D2385-638C-6991-7848-0E4F563C40F8}.Release|Any CPU.ActiveCfg = Release|Any CPU
		{BB1D2385-638C-6991-7848-0E4F563C40F8}.Release|Any CPU.Build.0 = Release|Any CPU
	EndGlobalSection
	GlobalSection(SolutionProperties) = preSolution
		HideSolutionNode = FALSE
	EndGlobalSection
	GlobalSection(MonoDevelopProperties) = preSolution
		StartupItem = Assembly-CSharp.csproj
	EndGlobalSection
EndGlobal
